
Microsoft Visual Studio Solution File, Format Version 12.00
# Visual Studio Version 16
VisualStudioVersion = 16.0.29519.181
MinimumVisualStudioVersion = 10.0.40219.1
Project("{FAE04EC0-301F-11D3-BF4B-00C04F79EFBC}") = "HangFireDemoCore", "HangFireDemoCore\HangFireDemoCore.csproj", "{6F770652-13BD-4216-9D7C-A05D0D2E728E}"
EndProject
Global
	GlobalSection(SolutionConfigurationPlatforms) = preSolution
		Debug|Any CPU = Debug|Any CPU
		Release|Any CPU = Release|Any CPU
	EndGlobalSection
	GlobalSection(ProjectConfigurationPlatforms) = postSolution
		{6F770652-13BD-4216-9D7C-A05D0D2E728E}.Debug|Any CPU.ActiveCfg = Debug|Any CPU
		{6F770652-13BD-4216-9D7C-A05D0D2E728E}.Debug|Any CPU.Build.0 = Debug|Any CPU
		{6F770652-13BD-4216-9D7C-A05D0D2E728E}.Release|Any CPU.ActiveCfg = Release|Any CPU
		{6F770652-13BD-4216-9D7C-A05D0D2E728E}.Release|Any CPU.Build.0 = Release|Any CPU
	EndGlobalSection
	GlobalSection(SolutionProperties) = preSolution
		HideSolutionNode = FALSE
	EndGlobalSection
	GlobalSection(ExtensibilityGlobals) = postSolution
		SolutionGuid = {00D1C73B-63E9-436C-BE4E-E98B8571B54C}
	EndGlobalSection
EndGlobal
